// !$*UTF8*$!
{
	archiveVersion = 1;
	classes = {
	};
	objectVersion = 77;
	objects = {

/* Begin PBXBuildFile section */
		005907342CBCDE5100B8698C /* HelloSwiftFramework.framework in Frameworks */ = {isa = PBXBuildFile; fileRef = 0059072A2CBCDE5100B8698C /* HelloSwiftFramework.framework */; };
/* End PBXBuildFile section */

/* Begin PBXContainerItemProxy section */
		005907352CBCDE5100B8698C /* PBXContainerItemProxy */ = {
			isa = PBXContainerItemProxy;
			containerPortal = 005906F22CBCD9A800B8698C /* Project object */;
			proxyType = 1;
			remoteGlobalIDString = 005907292CBCDE5100B8698C;
			remoteInfo = HelloSwiftFramework;
		};
		005907472CBCDFF900B8698C /* PBXContainerItemProxy */ = {
			isa = PBXContainerItemProxy;
			containerPortal = 005906F22CBCD9A800B8698C /* Project object */;
			proxyType = 1;
			remoteGlobalIDString = 005907292CBCDE5100B8698C;
			remoteInfo = HelloSwiftFramework;
		};
/* End PBXContainerItemProxy section */

/* Begin PBXCopyFilesBuildPhase section */
		005906F82CBCD9A800B8698C /* CopyFiles */ = {
			isa = PBXCopyFilesBuildPhase;
			buildActionMask = 2147483647;
			dstPath = /usr/share/man/man1/;
			dstSubfolderSpec = 0;
			files = (
			);
			runOnlyForDeploymentPostprocessing = 1;
		};
/* End PBXCopyFilesBuildPhase section */

/* Begin PBXFileReference section */
		005906FA2CBCD9A800B8698C /* HelloSwift */ = {isa = PBXFileReference; explicitFileType = "compiled.mach-o.executable"; includeInIndex = 0; path = HelloSwift; sourceTree = BUILT_PRODUCTS_DIR; };
		0059072A2CBCDE5100B8698C /* HelloSwiftFramework.framework */ = {isa = PBXFileReference; explicitFileType = wrapper.framework; includeInIndex = 0; path = HelloSwiftFramework.framework; sourceTree = BUILT_PRODUCTS_DIR; };
		005907332CBCDE5100B8698C /* HelloSwiftFrameworkTests.xctest */ = {isa = PBXFileReference; explicitFileType = wrapper.cfbundle; includeInIndex = 0; path = HelloSwiftFrameworkTests.xctest; sourceTree = BUILT_PRODUCTS_DIR; };
/* End PBXFileReference section */

/* Begin PBXFileSystemSynchronizedBuildFileExceptionSet section */
		001054332CEC98A5005F84E9 /* Exceptions for "HelloSwiftFramework" folder in "HelloSwiftFrameworkTests" target */ = {
			isa = PBXFileSystemSynchronizedBuildFileExceptionSet;
			membershipExceptions = (
				_Utility/ID.swift,
			);
			target = 005907322CBCDE5100B8698C /* HelloSwiftFrameworkTests */;
		};
		0014BA0D2CD9958700556F05 /* Exceptions for "HelloSwiftFrameworkTests" folder in "HelloSwift" target */ = {
			isa = PBXFileSystemSynchronizedBuildFileExceptionSet;
			membershipExceptions = (
				Collections/Protocols/SequenceProtocol/SequenceSelectingElementsTest.swift,
			);
			target = 005906F92CBCD9A800B8698C /* HelloSwift */;
		};
		0059073F2CBCDE5100B8698C /* Exceptions for "HelloSwiftFramework" folder in "HelloSwiftFramework" target */ = {
			isa = PBXFileSystemSynchronizedBuildFileExceptionSet;
			publicHeaders = (
				HelloSwiftFramework.h,
			);
			target = 005907292CBCDE5100B8698C /* HelloSwiftFramework */;
		};
/* End PBXFileSystemSynchronizedBuildFileExceptionSet section */

/* Begin PBXFileSystemSynchronizedRootGroup section */
		005906FC2CBCD9A800B8698C /* HelloSwift */ = {
			isa = PBXFileSystemSynchronizedRootGroup;
			path = HelloSwift;
			sourceTree = "<group>";
		};
		0059072B2CBCDE5100B8698C /* HelloSwiftFramework */ = {
			isa = PBXFileSystemSynchronizedRootGroup;
			exceptions = (
				0059073F2CBCDE5100B8698C /* Exceptions for "HelloSwiftFramework" folder in "HelloSwiftFramework" target */,
				001054332CEC98A5005F84E9 /* Exceptions for "HelloSwiftFramework" folder in "HelloSwiftFrameworkTests" target */,
			);
			path = HelloSwiftFramework;
			sourceTree = "<group>";
		};
		005907372CBCDE5100B8698C /* HelloSwiftFrameworkTests */ = {
			isa = PBXFileSystemSynchronizedRootGroup;
			exceptions = (
				0014BA0D2CD9958700556F05 /* Exceptions for "HelloSwiftFrameworkTests" folder in "HelloSwift" target */,
			);
			path = HelloSwiftFrameworkTests;
			sourceTree = "<group>";
		};
/* End PBXFileSystemSynchronizedRootGroup section */

/* Begin PBXFrameworksBuildPhase section */
		005906F72CBCD9A800B8698C /* Frameworks */ = {
			isa = PBXFrameworksBuildPhase;
			buildActionMask = 2147483647;
			files = (
			);
			runOnlyForDeploymentPostprocessing = 0;
		};
		005907272CBCDE5100B8698C /* Frameworks */ = {
			isa = PBXFrameworksBuildPhase;
			buildActionMask = 2147483647;
			files = (
			);
			runOnlyForDeploymentPostprocessing = 0;
		};
		005907302CBCDE5100B8698C /* Frameworks */ = {
			isa = PBXFrameworksBuildPhase;
			buildActionMask = 2147483647;
			files = (
				005907342CBCDE5100B8698C /* HelloSwiftFramework.framework in Frameworks */,
			);
			runOnlyForDeploymentPostprocessing = 0;
		};
/* End PBXFrameworksBuildPhase section */

/* Begin PBXGroup section */
		005906F12CBCD9A800B8698C = {
			isa = PBXGroup;
			children = (
				005906FC2CBCD9A800B8698C /* HelloSwift */,
				0059072B2CBCDE5100B8698C /* HelloSwiftFramework */,
				005907372CBCDE5100B8698C /* HelloSwiftFrameworkTests */,
				005906FB2CBCD9A800B8698C /* Products */,
			);
			sourceTree = "<group>";
		};
		005906FB2CBCD9A800B8698C /* Products */ = {
			isa = PBXGroup;
			children = (
				005906FA2CBCD9A800B8698C /* HelloSwift */,
				0059072A2CBCDE5100B8698C /* HelloSwiftFramework.framework */,
				005907332CBCDE5100B8698C /* HelloSwiftFrameworkTests.xctest */,
			);
			name = Products;
			sourceTree = "<group>";
		};
/* End PBXGroup section */

/* Begin PBXHeadersBuildPhase section */
		005907252CBCDE5100B8698C /* Headers */ = {
			isa = PBXHeadersBuildPhase;
			buildActionMask = 2147483647;
			files = (
			);
			runOnlyForDeploymentPostprocessing = 0;
		};
/* End PBXHeadersBuildPhase section */

/* Begin PBXNativeTarget section */
		005906F92CBCD9A800B8698C /* HelloSwift */ = {
			isa = PBXNativeTarget;
			buildConfigurationList = 005907012CBCD9A800B8698C /* Build configuration list for PBXNativeTarget "HelloSwift" */;
			buildPhases = (
				005906F62CBCD9A800B8698C /* Sources */,
				005906F72CBCD9A800B8698C /* Frameworks */,
				005906F82CBCD9A800B8698C /* CopyFiles */,
			);
			buildRules = (
			);
			dependencies = (
				005907482CBCDFF900B8698C /* PBXTargetDependency */,
			);
			fileSystemSynchronizedGroups = (
				005906FC2CBCD9A800B8698C /* HelloSwift */,
			);
			name = HelloSwift;
			packageProductDependencies = (
			);
			productName = HelloSwift;
			productReference = 005906FA2CBCD9A800B8698C /* HelloSwift */;
			productType = "com.apple.product-type.tool";
		};
		005907292CBCDE5100B8698C /* HelloSwiftFramework */ = {
			isa = PBXNativeTarget;
			buildConfigurationList = 005907402CBCDE5100B8698C /* Build configuration list for PBXNativeTarget "HelloSwiftFramework" */;
			buildPhases = (
				005907252CBCDE5100B8698C /* Headers */,
				005907262CBCDE5100B8698C /* Sources */,
				005907272CBCDE5100B8698C /* Frameworks */,
				005907282CBCDE5100B8698C /* Resources */,
			);
			buildRules = (
			);
			dependencies = (
			);
			fileSystemSynchronizedGroups = (
				0059072B2CBCDE5100B8698C /* HelloSwiftFramework */,
			);
			name = HelloSwiftFramework;
			packageProductDependencies = (
			);
			productName = HelloSwiftFramework;
			productReference = 0059072A2CBCDE5100B8698C /* HelloSwiftFramework.framework */;
			productType = "com.apple.product-type.framework";
		};
		005907322CBCDE5100B8698C /* HelloSwiftFrameworkTests */ = {
			isa = PBXNativeTarget;
			buildConfigurationList = 005907412CBCDE5100B8698C /* Build configuration list for PBXNativeTarget "HelloSwiftFrameworkTests" */;
			buildPhases = (
				0059072F2CBCDE5100B8698C /* Sources */,
				005907302CBCDE5100B8698C /* Frameworks */,
				005907312CBCDE5100B8698C /* Resources */,
			);
			buildRules = (
			);
			dependencies = (
				005907362CBCDE5100B8698C /* PBXTargetDependency */,
			);
			fileSystemSynchronizedGroups = (
				005907372CBCDE5100B8698C /* HelloSwiftFrameworkTests */,
			);
			name = HelloSwiftFrameworkTests;
			packageProductDependencies = (
			);
			productName = HelloSwiftFrameworkTests;
			productReference = 005907332CBCDE5100B8698C /* HelloSwiftFrameworkTests.xctest */;
			productType = "com.apple.product-type.bundle.unit-test";
		};
/* End PBXNativeTarget section */

/* Begin PBXProject section */
		005906F22CBCD9A800B8698C /* Project object */ = {
			isa = PBXProject;
			attributes = {
				BuildIndependentTargetsInParallel = 1;
				LastSwiftUpdateCheck = 1600;
				LastUpgradeCheck = 1610;
				TargetAttributes = {
					005906F92CBCD9A800B8698C = {
						CreatedOnToolsVersion = 16.0;
					};
					005907292CBCDE5100B8698C = {
						CreatedOnToolsVersion = 16.0;
					};
					005907322CBCDE5100B8698C = {
						CreatedOnToolsVersion = 16.0;
					};
				};
			};
			buildConfigurationList = 005906F52CBCD9A800B8698C /* Build configuration list for PBXProject "HelloSwift" */;
			developmentRegion = en;
			hasScannedForEncodings = 0;
			knownRegions = (
				en,
				Base,
			);
			mainGroup = 005906F12CBCD9A800B8698C;
			minimizedProjectReferenceProxies = 1;
			preferredProjectObjectVersion = 77;
			productRefGroup = 005906FB2CBCD9A800B8698C /* Products */;
			projectDirPath = "";
			projectRoot = "";
			targets = (
				005906F92CBCD9A800B8698C /* HelloSwift */,
				005907292CBCDE5100B8698C /* HelloSwiftFramework */,
				005907322CBCDE5100B8698C /* HelloSwiftFrameworkTests */,
			);
		};
/* End PBXProject section */

/* Begin PBXResourcesBuildPhase section */
		005907282CBCDE5100B8698C /* Resources */ = {
			isa = PBXResourcesBuildPhase;
			buildActionMask = 2147483647;
			files = (
			);
			runOnlyForDeploymentPostprocessing = 0;
		};
		005907312CBCDE5100B8698C /* Resources */ = {
			isa = PBXResourcesBuildPhase;
			buildActionMask = 2147483647;
			files = (
			);
			runOnlyForDeploymentPostprocessing = 0;
		};
/* End PBXResourcesBuildPhase section */

/* Begin PBXSourcesBuildPhase section */
		005906F62CBCD9A800B8698C /* Sources */ = {
			isa = PBXSourcesBuildPhase;
			buildActionMask = 2147483647;
			files = (
			);
			runOnlyForDeploymentPostprocessing = 0;
		};
		005907262CBCDE5100B8698C /* Sources */ = {
			isa = PBXSourcesBuildPhase;
			buildActionMask = 2147483647;
			files = (
			);
			runOnlyForDeploymentPostprocessing = 0;
		};
		0059072F2CBCDE5100B8698C /* Sources */ = {
			isa = PBXSourcesBuildPhase;
			buildActionMask = 2147483647;
			files = (
			);
			runOnlyForDeploymentPostprocessing = 0;
		};
/* End PBXSourcesBuildPhase section */

/* Begin PBXTargetDependency section */
		005907362CBCDE5100B8698C /* PBXTargetDependency */ = {
			isa = PBXTargetDependency;
			target = 005907292CBCDE5100B8698C /* HelloSwiftFramework */;
			targetProxy = 005907352CBCDE5100B8698C /* PBXContainerItemProxy */;
		};
		005907482CBCDFF900B8698C /* PBXTargetDependency */ = {
			isa = PBXTargetDependency;
			target = 005907292CBCDE5100B8698C /* HelloSwiftFramework */;
			targetProxy = 005907472CBCDFF900B8698C /* PBXContainerItemProxy */;
		};
/* End PBXTargetDependency section */

/* Begin XCBuildConfiguration section */
		005906FF2CBCD9A800B8698C /* Debug */ = {
			isa = XCBuildConfiguration;
			buildSettings = {
				ALWAYS_SEARCH_USER_PATHS = NO;
				ASSETCATALOG_COMPILER_GENERATE_SWIFT_ASSET_SYMBOL_EXTENSIONS = YES;
				CLANG_ANALYZER_NONNULL = YES;
				CLANG_ANALYZER_NUMBER_OBJECT_CONVERSION = YES_AGGRESSIVE;
				CLANG_CXX_LANGUAGE_STANDARD = "gnu++20";
				CLANG_ENABLE_MODULES = YES;
				CLANG_ENABLE_OBJC_ARC = YES;
				CLANG_ENABLE_OBJC_WEAK = YES;
				CLANG_WARN_BLOCK_CAPTURE_AUTORELEASING = YES;
				CLANG_WARN_BOOL_CONVERSION = YES;
				CLANG_WARN_COMMA = YES;
				CLANG_WARN_CONSTANT_CONVERSION = YES;
				CLANG_WARN_DEPRECATED_OBJC_IMPLEMENTATIONS = YES;
				CLANG_WARN_DIRECT_OBJC_ISA_USAGE = YES_ERROR;
				CLANG_WARN_DOCUMENTATION_COMMENTS = YES;
				CLANG_WARN_EMPTY_BODY = YES;
				CLANG_WARN_ENUM_CONVERSION = YES;
				CLANG_WARN_INFINITE_RECURSION = YES;
				CLANG_WARN_INT_CONVERSION = YES;
				CLANG_WARN_NON_LITERAL_NULL_CONVERSION = YES;
				CLANG_WARN_OBJC_IMPLICIT_RETAIN_SELF = YES;
				CLANG_WARN_OBJC_LITERAL_CONVERSION = YES;
				CLANG_WARN_OBJC_ROOT_CLASS = YES_ERROR;
				CLANG_WARN_QUOTED_INCLUDE_IN_FRAMEWORK_HEADER = YES;
				CLANG_WARN_RANGE_LOOP_ANALYSIS = YES;
				CLANG_WARN_STRICT_PROTOTYPES = YES;
				CLANG_WARN_SUSPICIOUS_MOVE = YES;
				CLANG_WARN_UNGUARDED_AVAILABILITY = YES_AGGRESSIVE;
				CLANG_WARN_UNREACHABLE_CODE = YES;
				CLANG_WARN__DUPLICATE_METHOD_MATCH = YES;
				COPY_PHASE_STRIP = NO;
				DEAD_CODE_STRIPPING = YES;
				DEBUG_INFORMATION_FORMAT = dwarf;
				ENABLE_STRICT_OBJC_MSGSEND = YES;
				ENABLE_TESTABILITY = YES;
				ENABLE_USER_SCRIPT_SANDBOXING = YES;
				GCC_C_LANGUAGE_STANDARD = gnu17;
				GCC_DYNAMIC_NO_PIC = NO;
				GCC_NO_COMMON_BLOCKS = YES;
				GCC_OPTIMIZATION_LEVEL = 0;
				GCC_PREPROCESSOR_DEFINITIONS = (
					"DEBUG=1",
					"$(inherited)",
				);
				GCC_WARN_64_TO_32_BIT_CONVERSION = YES;
				GCC_WARN_ABOUT_RETURN_TYPE = YES_ERROR;
				GCC_WARN_UNDECLARED_SELECTOR = YES;
				GCC_WARN_UNINITIALIZED_AUTOS = YES_AGGRESSIVE;
				GCC_WARN_UNUSED_FUNCTION = YES;
				GCC_WARN_UNUSED_VARIABLE = YES;
				LOCALIZATION_PREFERS_STRING_CATALOGS = YES;
				MACOSX_DEPLOYMENT_TARGET = 15.0;
				MTL_ENABLE_DEBUG_INFO = INCLUDE_SOURCE;
				MTL_FAST_MATH = YES;
				ONLY_ACTIVE_ARCH = YES;
				SDKROOT = macosx;
				SWIFT_ACTIVE_COMPILATION_CONDITIONS = "DEBUG $(inherited)";
				SWIFT_OPTIMIZATION_LEVEL = "-Onone";
				SWIFT_STRICT_CONCURRENCY = complete;
			};
			name = Debug;
		};
		005907002CBCD9A800B8698C /* Release */ = {
			isa = XCBuildConfiguration;
			buildSettings = {
				ALWAYS_SEARCH_USER_PATHS = NO;
				ASSETCATALOG_COMPILER_GENERATE_SWIFT_ASSET_SYMBOL_EXTENSIONS = YES;
				CLANG_ANALYZER_NONNULL = YES;
				CLANG_ANALYZER_NUMBER_OBJECT_CONVERSION = YES_AGGRESSIVE;
				CLANG_CXX_LANGUAGE_STANDARD = "gnu++20";
				CLANG_ENABLE_MODULES = YES;
				CLANG_ENABLE_OBJC_ARC = YES;
				CLANG_ENABLE_OBJC_WEAK = YES;
				CLANG_WARN_BLOCK_CAPTURE_AUTORELEASING = YES;
				CLANG_WARN_BOOL_CONVERSION = YES;
				CLANG_WARN_COMMA = YES;
				CLANG_WARN_CONSTANT_CONVERSION = YES;
				CLANG_WARN_DEPRECATED_OBJC_IMPLEMENTATIONS = YES;
				CLANG_WARN_DIRECT_OBJC_ISA_USAGE = YES_ERROR;
				CLANG_WARN_DOCUMENTATION_COMMENTS = YES;
				CLANG_WARN_EMPTY_BODY = YES;
				CLANG_WARN_ENUM_CONVERSION = YES;
				CLANG_WARN_INFINITE_RECURSION = YES;
				CLANG_WARN_INT_CONVERSION = YES;
				CLANG_WARN_NON_LITERAL_NULL_CONVERSION = YES;
				CLANG_WARN_OBJC_IMPLICIT_RETAIN_SELF = YES;
				CLANG_WARN_OBJC_LITERAL_CONVERSION = YES;
				CLANG_WARN_OBJC_ROOT_CLASS = YES_ERROR;
				CLANG_WARN_QUOTED_INCLUDE_IN_FRAMEWORK_HEADER = YES;
				CLANG_WARN_RANGE_LOOP_ANALYSIS = YES;
				CLANG_WARN_STRICT_PROTOTYPES = YES;
				CLANG_WARN_SUSPICIOUS_MOVE = YES;
				CLANG_WARN_UNGUARDED_AVAILABILITY = YES_AGGRESSIVE;
				CLANG_WARN_UNREACHABLE_CODE = YES;
				CLANG_WARN__DUPLICATE_METHOD_MATCH = YES;
				COPY_PHASE_STRIP = NO;
				DEAD_CODE_STRIPPING = YES;
				DEBUG_INFORMATION_FORMAT = "dwarf-with-dsym";
				ENABLE_NS_ASSERTIONS = NO;
				ENABLE_STRICT_OBJC_MSGSEND = YES;
				ENABLE_USER_SCRIPT_SANDBOXING = YES;
				GCC_C_LANGUAGE_STANDARD = gnu17;
				GCC_NO_COMMON_BLOCKS = YES;
				GCC_WARN_64_TO_32_BIT_CONVERSION = YES;
				GCC_WARN_ABOUT_RETURN_TYPE = YES_ERROR;
				GCC_WARN_UNDECLARED_SELECTOR = YES;
				GCC_WARN_UNINITIALIZED_AUTOS = YES_AGGRESSIVE;
				GCC_WARN_UNUSED_FUNCTION = YES;
				GCC_WARN_UNUSED_VARIABLE = YES;
				LOCALIZATION_PREFERS_STRING_CATALOGS = YES;
				MACOSX_DEPLOYMENT_TARGET = 15.0;
				MTL_ENABLE_DEBUG_INFO = NO;
				MTL_FAST_MATH = YES;
				SDKROOT = macosx;
				SWIFT_COMPILATION_MODE = wholemodule;
				SWIFT_STRICT_CONCURRENCY = complete;
			};
			name = Release;
		};
		005907022CBCD9A800B8698C /* Debug */ = {
			isa = XCBuildConfiguration;
			buildSettings = {
				CODE_SIGN_STYLE = Automatic;
				DEAD_CODE_STRIPPING = YES;
				DEVELOPMENT_TEAM = XFTC3W2MNQ;
				ENABLE_HARDENED_RUNTIME = YES;
				PRODUCT_NAME = "$(TARGET_NAME)";
				SWIFT_VERSION = 6.0;
			};
			name = Debug;
		};
		005907032CBCD9A800B8698C /* Release */ = {
			isa = XCBuildConfiguration;
			buildSettings = {
				CODE_SIGN_STYLE = Automatic;
				DEAD_CODE_STRIPPING = YES;
				DEVELOPMENT_TEAM = XFTC3W2MNQ;
				ENABLE_HARDENED_RUNTIME = YES;
				PRODUCT_NAME = "$(TARGET_NAME)";
				SWIFT_VERSION = 6.0;
			};
			name = Release;
		};
		0059073B2CBCDE5100B8698C /* Debug */ = {
			isa = XCBuildConfiguration;
			buildSettings = {
				BUILD_LIBRARY_FOR_DISTRIBUTION = YES;
				CODE_SIGN_IDENTITY = "";
				CODE_SIGN_STYLE = Automatic;
				COMBINE_HIDPI_IMAGES = YES;
				CURRENT_PROJECT_VERSION = 1;
				DEAD_CODE_STRIPPING = YES;
				DEFINES_MODULE = YES;
				DEVELOPMENT_TEAM = XFTC3W2MNQ;
				DYLIB_COMPATIBILITY_VERSION = 1;
				DYLIB_CURRENT_VERSION = 1;
				DYLIB_INSTALL_NAME_BASE = "@rpath";
				ENABLE_MODULE_VERIFIER = NO;
				GENERATE_INFOPLIST_FILE = YES;
				INFOPLIST_KEY_NSHumanReadableCopyright = "";
				INSTALL_PATH = "$(LOCAL_LIBRARY_DIR)/Frameworks";
				LD_RUNPATH_SEARCH_PATHS = (
					"$(inherited)",
					"@executable_path/../Frameworks",
					"@loader_path/Frameworks",
				);
				MARKETING_VERSION = 1.0;
				MODULE_VERIFIER_SUPPORTED_LANGUAGES = "objective-c objective-c++";
				MODULE_VERIFIER_SUPPORTED_LANGUAGE_STANDARDS = "gnu17 gnu++20";
				PRODUCT_BUNDLE_IDENTIFIER = com.drypot.HelloSwiftFramework;
				PRODUCT_NAME = "$(TARGET_NAME:c99extidentifier)";
				SKIP_INSTALL = YES;
				SWIFT_EMIT_LOC_STRINGS = YES;
				SWIFT_INSTALL_OBJC_HEADER = NO;
				SWIFT_VERSION = 6.0;
				VERSIONING_SYSTEM = "apple-generic";
				VERSION_INFO_PREFIX = "";
			};
			name = Debug;
		};
		0059073C2CBCDE5100B8698C /* Release */ = {
			isa = XCBuildConfiguration;
			buildSettings = {
				BUILD_LIBRARY_FOR_DISTRIBUTION = YES;
				CODE_SIGN_IDENTITY = "";
				CODE_SIGN_STYLE = Automatic;
				COMBINE_HIDPI_IMAGES = YES;
				CURRENT_PROJECT_VERSION = 1;
				DEAD_CODE_STRIPPING = YES;
				DEFINES_MODULE = YES;
				DEVELOPMENT_TEAM = XFTC3W2MNQ;
				DYLIB_COMPATIBILITY_VERSION = 1;
				DYLIB_CURRENT_VERSION = 1;
				DYLIB_INSTALL_NAME_BASE = "@rpath";
				ENABLE_MODULE_VERIFIER = NO;
				GENERATE_INFOPLIST_FILE = YES;
				INFOPLIST_KEY_NSHumanReadableCopyright = "";
				INSTALL_PATH = "$(LOCAL_LIBRARY_DIR)/Frameworks";
				LD_RUNPATH_SEARCH_PATHS = (
					"$(inherited)",
					"@executable_path/../Frameworks",
					"@loader_path/Frameworks",
				);
				MARKETING_VERSION = 1.0;
				MODULE_VERIFIER_SUPPORTED_LANGUAGES = "objective-c objective-c++";
				MODULE_VERIFIER_SUPPORTED_LANGUAGE_STANDARDS = "gnu17 gnu++20";
				PRODUCT_BUNDLE_IDENTIFIER = com.drypot.HelloSwiftFramework;
				PRODUCT_NAME = "$(TARGET_NAME:c99extidentifier)";
				SKIP_INSTALL = YES;
				SWIFT_EMIT_LOC_STRINGS = YES;
				SWIFT_INSTALL_OBJC_HEADER = NO;
				SWIFT_VERSION = 6.0;
				VERSIONING_SYSTEM = "apple-generic";
				VERSION_INFO_PREFIX = "";
			};
			name = Release;
		};
		0059073D2CBCDE5100B8698C /* Debug */ = {
			isa = XCBuildConfiguration;
			buildSettings = {
				CODE_SIGN_STYLE = Automatic;
				CURRENT_PROJECT_VERSION = 1;
				DEAD_CODE_STRIPPING = YES;
				DEVELOPMENT_TEAM = XFTC3W2MNQ;
				GENERATE_INFOPLIST_FILE = YES;
				MARKETING_VERSION = 1.0;
				OTHER_SWIFT_FLAGS = "\"-Xfrontend\" \"-warn-long-expression-type-checking=500\" \"-Xfrontend\" \"-warn-long-function-bodies=500\"";
				PRODUCT_BUNDLE_IDENTIFIER = com.drypot.HelloSwiftFrameworkTests;
				PRODUCT_NAME = "$(TARGET_NAME)";
				SWIFT_EMIT_LOC_STRINGS = NO;
				SWIFT_VERSION = 6.0;
			};
			name = Debug;
		};
		0059073E2CBCDE5100B8698C /* Release */ = {
			isa = XCBuildConfiguration;
			buildSettings = {
				CODE_SIGN_STYLE = Automatic;
				CURRENT_PROJECT_VERSION = 1;
				DEAD_CODE_STRIPPING = YES;
				DEVELOPMENT_TEAM = XFTC3W2MNQ;
				GENERATE_INFOPLIST_FILE = YES;
				MARKETING_VERSION = 1.0;
				PRODUCT_BUNDLE_IDENTIFIER = com.drypot.HelloSwiftFrameworkTests;
				PRODUCT_NAME = "$(TARGET_NAME)";
				SWIFT_EMIT_LOC_STRINGS = NO;
				SWIFT_VERSION = 6.0;
			};
			name = Release;
		};
/* End XCBuildConfiguration section */

/* Begin XCConfigurationList section */
		005906F52CBCD9A800B8698C /* Build configuration list for PBXProject "HelloSwift" */ = {
			isa = XCConfigurationList;
			buildConfigurations = (
				005906FF2CBCD9A800B8698C /* Debug */,
				005907002CBCD9A800B8698C /* Release */,
			);
			defaultConfigurationIsVisible = 0;
			defaultConfigurationName = Release;
		};
		005907012CBCD9A800B8698C /* Build configuration list for PBXNativeTarget "HelloSwift" */ = {
			isa = XCConfigurationList;
			buildConfigurations = (
				005907022CBCD9A800B8698C /* Debug */,
				005907032CBCD9A800B8698C /* Release */,
			);
			defaultConfigurationIsVisible = 0;
			defaultConfigurationName = Release;
		};
		005907402CBCDE5100B8698C /* Build configuration list for PBXNativeTarget "HelloSwiftFramework" */ = {
			isa = XCConfigurationList;
			buildConfigurations = (
				0059073B2CBCDE5100B8698C /* Debug */,
				0059073C2CBCDE5100B8698C /* Release */,
			);
			defaultConfigurationIsVisible = 0;
			defaultConfigurationName = Release;
		};
		005907412CBCDE5100B8698C /* Build configuration list for PBXNativeTarget "HelloSwiftFrameworkTests" */ = {
			isa = XCConfigurationList;
			buildConfigurations = (
				0059073D2CBCDE5100B8698C /* Debug */,
				0059073E2CBCDE5100B8698C /* Release */,
			);
			defaultConfigurationIsVisible = 0;
			defaultConfigurationName = Release;
		};
/* End XCConfigurationList section */
	};
	rootObject = 005906F22CBCD9A800B8698C /* Project object */;
}
